// !$*UTF8*$!
{
	archiveVersion = 1;
	classes = {
	};
	objectVersion = 77;
	objects = {

/* Begin PBXBuildFile section */
		F7AFDE072D14C6210070C9B0 /* README.md in Resources */ = {isa = PBXBuildFile; fileRef = F7AFDE062D14C6140070C9B0 /* README.md */; };
		F7AFDE152D14DEA80070C9B0 /* .gitignore in Resources */ = {isa = PBXBuildFile; fileRef = F7AFDE142D14DEA20070C9B0 /* .gitignore */; };
/* End PBXBuildFile section */

/* Begin PBXContainerItemProxy section */
		F749A7782D134DBB0016D17C /* PBXContainerItemProxy */ = {
			isa = PBXContainerItemProxy;
			containerPortal = F749A75F2D134DB90016D17C /* Project object */;
			proxyType = 1;
			remoteGlobalIDString = F749A7662D134DB90016D17C;
			remoteInfo = OBJScan;
		};
		F749A7822D134DBB0016D17C /* PBXContainerItemProxy */ = {
			isa = PBXContainerItemProxy;
			containerPortal = F749A75F2D134DB90016D17C /* Project object */;
			proxyType = 1;
			remoteGlobalIDString = F749A7662D134DB90016D17C;
			remoteInfo = OBJScan;
		};
/* End PBXContainerItemProxy section */

/* Begin PBXFileReference section */
		F749A7672D134DB90016D17C /* OBJScan.app */ = {isa = PBXFileReference; explicitFileType = wrapper.application; includeInIndex = 0; path = OBJScan.app; sourceTree = BUILT_PRODUCTS_DIR; };
		F749A7772D134DBB0016D17C /* OBJScanTests.xctest */ = {isa = PBXFileReference; explicitFileType = wrapper.cfbundle; includeInIndex = 0; path = OBJScanTests.xctest; sourceTree = BUILT_PRODUCTS_DIR; };
		F749A7812D134DBB0016D17C /* OBJScanUITests.xctest */ = {isa = PBXFileReference; explicitFileType = wrapper.cfbundle; includeInIndex = 0; path = OBJScanUITests.xctest; sourceTree = BUILT_PRODUCTS_DIR; };
		F7AFDE062D14C6140070C9B0 /* README.md */ = {isa = PBXFileReference; lastKnownFileType = net.daringfireball.markdown; path = README.md; sourceTree = "<group>"; };
		F7AFDE142D14DEA20070C9B0 /* .gitignore */ = {isa = PBXFileReference; lastKnownFileType = text; path = .gitignore; sourceTree = "<group>"; };
/* End PBXFileReference section */

/* Begin PBXFileSystemSynchronizedBuildFileExceptionSet section */
		F7AFDE132D14DD870070C9B0 /* Exceptions for "OBJScan" folder in "OBJScan" target */ = {
			isa = PBXFileSystemSynchronizedBuildFileExceptionSet;
			membershipExceptions = (
				Info.plist,
			);
			target = F749A7662D134DB90016D17C /* OBJScan */;
		};
/* End PBXFileSystemSynchronizedBuildFileExceptionSet section */

/* Begin PBXFileSystemSynchronizedRootGroup section */
		F749A7692D134DB90016D17C /* OBJScan */ = {
			isa = PBXFileSystemSynchronizedRootGroup;
			exceptions = (
				F7AFDE132D14DD870070C9B0 /* Exceptions for "OBJScan" folder in "OBJScan" target */,
			);
			path = OBJScan;
			sourceTree = "<group>";
		};
		F749A77A2D134DBB0016D17C /* OBJScanTests */ = {
			isa = PBXFileSystemSynchronizedRootGroup;
			path = OBJScanTests;
			sourceTree = "<group>";
		};
		F749A7842D134DBB0016D17C /* OBJScanUITests */ = {
			isa = PBXFileSystemSynchronizedRootGroup;
			path = OBJScanUITests;
			sourceTree = "<group>";
		};
		F7AFDE082D14D0BB0070C9B0 /* Docs */ = {
			isa = PBXFileSystemSynchronizedRootGroup;
			path = Docs;
			sourceTree = "<group>";
		};
		F7AFDE0D2D14DB060070C9B0 /* Models */ = {
			isa = PBXFileSystemSynchronizedRootGroup;
			path = Models;
			sourceTree = "<group>";
		};
/* End PBXFileSystemSynchronizedRootGroup section */

/* Begin PBXFrameworksBuildPhase section */
		F749A7642D134DB90016D17C /* Frameworks */ = {
			isa = PBXFrameworksBuildPhase;
			buildActionMask = 2147483647;
			files = (
			);
			runOnlyForDeploymentPostprocessing = 0;
		};
		F749A7742D134DBB0016D17C /* Frameworks */ = {
			isa = PBXFrameworksBuildPhase;
			buildActionMask = 2147483647;
			files = (
			);
			runOnlyForDeploymentPostprocessing = 0;
		};
		F749A77E2D134DBB0016D17C /* Frameworks */ = {
			isa = PBXFrameworksBuildPhase;
			buildActionMask = 2147483647;
			files = (
			);
			runOnlyForDeploymentPostprocessing = 0;
		};
/* End PBXFrameworksBuildPhase section */

/* Begin PBXGroup section */
		F749A75E2D134DB90016D17C = {
			isa = PBXGroup;
			children = (
				F7AFDE142D14DEA20070C9B0 /* .gitignore */,
				F7AFDE0D2D14DB060070C9B0 /* Models */,
				F7AFDE082D14D0BB0070C9B0 /* Docs */,
				F749A7692D134DB90016D17C /* OBJScan */,
				F749A77A2D134DBB0016D17C /* OBJScanTests */,
				F749A7842D134DBB0016D17C /* OBJScanUITests */,
				F749A7682D134DB90016D17C /* Products */,
				F7AFDE062D14C6140070C9B0 /* README.md */,
			);
			sourceTree = "<group>";
		};
		F749A7682D134DB90016D17C /* Products */ = {
			isa = PBXGroup;
			children = (
				F749A7672D134DB90016D17C /* OBJScan.app */,
				F749A7772D134DBB0016D17C /* OBJScanTests.xctest */,
				F749A7812D134DBB0016D17C /* OBJScanUITests.xctest */,
			);
			name = Products;
			sourceTree = "<group>";
		};
/* End PBXGroup section */

/* Begin PBXNativeTarget section */
		F749A7662D134DB90016D17C /* OBJScan */ = {
			isa = PBXNativeTarget;
			buildConfigurationList = F749A78B2D134DBB0016D17C /* Build configuration list for PBXNativeTarget "OBJScan" */;
			buildPhases = (
				F749A7632D134DB90016D17C /* Sources */,
				F749A7642D134DB90016D17C /* Frameworks */,
				F749A7652D134DB90016D17C /* Resources */,
			);
			buildRules = (
			);
			dependencies = (
			);
			fileSystemSynchronizedGroups = (
				F749A7692D134DB90016D17C /* OBJScan */,
				F7AFDE082D14D0BB0070C9B0 /* Docs */,
				F7AFDE0D2D14DB060070C9B0 /* Models */,
			);
			name = OBJScan;
			packageProductDependencies = (
			);
			productName = OBJScan;
			productReference = F749A7672D134DB90016D17C /* OBJScan.app */;
			productType = "com.apple.product-type.application";
		};
		F749A7762D134DBB0016D17C /* OBJScanTests */ = {
			isa = PBXNativeTarget;
			buildConfigurationList = F749A78E2D134DBB0016D17C /* Build configuration list for PBXNativeTarget "OBJScanTests" */;
			buildPhases = (
				F749A7732D134DBB0016D17C /* Sources */,
				F749A7742D134DBB0016D17C /* Frameworks */,
				F749A7752D134DBB0016D17C /* Resources */,
			);
			buildRules = (
			);
			dependencies = (
				F749A7792D134DBB0016D17C /* PBXTargetDependency */,
			);
			fileSystemSynchronizedGroups = (
				F749A77A2D134DBB0016D17C /* OBJScanTests */,
			);
			name = OBJScanTests;
			packageProductDependencies = (
			);
			productName = OBJScanTests;
			productReference = F749A7772D134DBB0016D17C /* OBJScanTests.xctest */;
			productType = "com.apple.product-type.bundle.unit-test";
		};
		F749A7802D134DBB0016D17C /* OBJScanUITests */ = {
			isa = PBXNativeTarget;
			buildConfigurationList = F749A7912D134DBB0016D17C /* Build configuration list for PBXNativeTarget "OBJScanUITests" */;
			buildPhases = (
				F749A77D2D134DBB0016D17C /* Sources */,
				F749A77E2D134DBB0016D17C /* Frameworks */,
				F749A77F2D134DBB0016D17C /* Resources */,
			);
			buildRules = (
			);
			dependencies = (
				F749A7832D134DBB0016D17C /* PBXTargetDependency */,
			);
			fileSystemSynchronizedGroups = (
				F749A7842D134DBB0016D17C /* OBJScanUITests */,
			);
			name = OBJScanUITests;
			packageProductDependencies = (
			);
			productName = OBJScanUITests;
			productReference = F749A7812D134DBB0016D17C /* OBJScanUITests.xctest */;
			productType = "com.apple.product-type.bundle.ui-testing";
		};
/* End PBXNativeTarget section */

/* Begin PBXProject section */
		F749A75F2D134DB90016D17C /* Project object */ = {
			isa = PBXProject;
			attributes = {
				BuildIndependentTargetsInParallel = 1;
				LastSwiftUpdateCheck = 1620;
				LastUpgradeCheck = 1620;
				TargetAttributes = {
					F749A7662D134DB90016D17C = {
						CreatedOnToolsVersion = 16.2;
					};
					F749A7762D134DBB0016D17C = {
						CreatedOnToolsVersion = 16.2;
						TestTargetID = F749A7662D134DB90016D17C;
					};
					F749A7802D134DBB0016D17C = {
						CreatedOnToolsVersion = 16.2;
						TestTargetID = F749A7662D134DB90016D17C;
					};
				};
			};
			buildConfigurationList = F749A7622D134DB90016D17C /* Build configuration list for PBXProject "OBJScan" */;
			developmentRegion = en;
			hasScannedForEncodings = 0;
			knownRegions = (
				en,
				Base,
			);
			mainGroup = F749A75E2D134DB90016D17C;
			minimizedProjectReferenceProxies = 1;
			preferredProjectObjectVersion = 77;
			productRefGroup = F749A7682D134DB90016D17C /* Products */;
			projectDirPath = "";
			projectRoot = "";
			targets = (
				F749A7662D134DB90016D17C /* OBJScan */,
				F749A7762D134DBB0016D17C /* OBJScanTests */,
				F749A7802D134DBB0016D17C /* OBJScanUITests */,
			);
		};
/* End PBXProject section */

/* Begin PBXResourcesBuildPhase section */
		F749A7652D134DB90016D17C /* Resources */ = {
			isa = PBXResourcesBuildPhase;
			buildActionMask = 2147483647;
			files = (
				F7AFDE152D14DEA80070C9B0 /* .gitignore in Resources */,
				F7AFDE072D14C6210070C9B0 /* README.md in Resources */,
			);
			runOnlyForDeploymentPostprocessing = 0;
		};
		F749A7752D134DBB0016D17C /* Resources */ = {
			isa = PBXResourcesBuildPhase;
			buildActionMask = 2147483647;
			files = (
			);
			runOnlyForDeploymentPostprocessing = 0;
		};
		F749A77F2D134DBB0016D17C /* Resources */ = {
			isa = PBXResourcesBuildPhase;
			buildActionMask = 2147483647;
			files = (
			);
			runOnlyForDeploymentPostprocessing = 0;
		};
/* End PBXResourcesBuildPhase section */

/* Begin PBXSourcesBuildPhase section */
		F749A7632D134DB90016D17C /* Sources */ = {
			isa = PBXSourcesBuildPhase;
			buildActionMask = 2147483647;
			files = (
			);
			runOnlyForDeploymentPostprocessing = 0;
		};
		F749A7732D134DBB0016D17C /* Sources */ = {
			isa = PBXSourcesBuildPhase;
			buildActionMask = 2147483647;
			files = (
			);
			runOnlyForDeploymentPostprocessing = 0;
		};
		F749A77D2D134DBB0016D17C /* Sources */ = {
			isa = PBXSourcesBuildPhase;
			buildActionMask = 2147483647;
			files = (
			);
			runOnlyForDeploymentPostprocessing = 0;
		};
/* End PBXSourcesBuildPhase section */

/* Begin PBXTargetDependency section */
		F749A7792D134DBB0016D17C /* PBXTargetDependency */ = {
			isa = PBXTargetDependency;
			target = F749A7662D134DB90016D17C /* OBJScan */;
			targetProxy = F749A7782D134DBB0016D17C /* PBXContainerItemProxy */;
		};
		F749A7832D134DBB0016D17C /* PBXTargetDependency */ = {
			isa = PBXTargetDependency;
			target = F749A7662D134DB90016D17C /* OBJScan */;
			targetProxy = F749A7822D134DBB0016D17C /* PBXContainerItemProxy */;
		};
/* End PBXTargetDependency section */

/* Begin XCBuildConfiguration section */
		F749A7892D134DBB0016D17C /* Debug */ = {
			isa = XCBuildConfiguration;
			buildSettings = {
				ALWAYS_SEARCH_USER_PATHS = NO;
				ASSETCATALOG_COMPILER_GENERATE_SWIFT_ASSET_SYMBOL_EXTENSIONS = YES;
				CLANG_ANALYZER_NONNULL = YES;
				CLANG_ANALYZER_NUMBER_OBJECT_CONVERSION = YES_AGGRESSIVE;
				CLANG_CXX_LANGUAGE_STANDARD = "gnu++20";
				CLANG_ENABLE_MODULES = YES;
				CLANG_ENABLE_OBJC_ARC = YES;
				CLANG_ENABLE_OBJC_WEAK = YES;
				CLANG_WARN_BLOCK_CAPTURE_AUTORELEASING = YES;
				CLANG_WARN_BOOL_CONVERSION = YES;
				CLANG_WARN_COMMA = YES;
				CLANG_WARN_CONSTANT_CONVERSION = YES;
				CLANG_WARN_DEPRECATED_OBJC_IMPLEMENTATIONS = YES;
				CLANG_WARN_DIRECT_OBJC_ISA_USAGE = YES_ERROR;
				CLANG_WARN_DOCUMENTATION_COMMENTS = YES;
				CLANG_WARN_EMPTY_BODY = YES;
				CLANG_WARN_ENUM_CONVERSION = YES;
				CLANG_WARN_INFINITE_RECURSION = YES;
				CLANG_WARN_INT_CONVERSION = YES;
				CLANG_WARN_NON_LITERAL_NULL_CONVERSION = YES;
				CLANG_WARN_OBJC_IMPLICIT_RETAIN_SELF = YES;
				CLANG_WARN_OBJC_LITERAL_CONVERSION = YES;
				CLANG_WARN_OBJC_ROOT_CLASS = YES_ERROR;
				CLANG_WARN_QUOTED_INCLUDE_IN_FRAMEWORK_HEADER = YES;
				CLANG_WARN_RANGE_LOOP_ANALYSIS = YES;
				CLANG_WARN_STRICT_PROTOTYPES = YES;
				CLANG_WARN_SUSPICIOUS_MOVE = YES;
				CLANG_WARN_UNGUARDED_AVAILABILITY = YES_AGGRESSIVE;
				CLANG_WARN_UNREACHABLE_CODE = YES;
				CLANG_WARN__DUPLICATE_METHOD_MATCH = YES;
				COPY_PHASE_STRIP = NO;
				DEBUG_INFORMATION_FORMAT = dwarf;
				ENABLE_STRICT_OBJC_MSGSEND = YES;
				ENABLE_TESTABILITY = YES;
				ENABLE_USER_SCRIPT_SANDBOXING = YES;
				GCC_C_LANGUAGE_STANDARD = gnu17;
				GCC_DYNAMIC_NO_PIC = NO;
				GCC_NO_COMMON_BLOCKS = YES;
				GCC_OPTIMIZATION_LEVEL = 0;
				GCC_PREPROCESSOR_DEFINITIONS = (
					"DEBUG=1",
					"$(inherited)",
				);
				GCC_WARN_64_TO_32_BIT_CONVERSION = YES;
				GCC_WARN_ABOUT_RETURN_TYPE = YES_ERROR;
				GCC_WARN_UNDECLARED_SELECTOR = YES;
				GCC_WARN_UNINITIALIZED_AUTOS = YES_AGGRESSIVE;
				GCC_WARN_UNUSED_FUNCTION = YES;
				GCC_WARN_UNUSED_VARIABLE = YES;
				IPHONEOS_DEPLOYMENT_TARGET = 18.2;
				LOCALIZATION_PREFERS_STRING_CATALOGS = YES;
				MTL_ENABLE_DEBUG_INFO = INCLUDE_SOURCE;
				MTL_FAST_MATH = YES;
				ONLY_ACTIVE_ARCH = YES;
				SDKROOT = iphoneos;
				SWIFT_ACTIVE_COMPILATION_CONDITIONS = "DEBUG $(inherited)";
				SWIFT_OPTIMIZATION_LEVEL = "-Onone";
			};
			name = Debug;
		};
		F749A78A2D134DBB0016D17C /* Release */ = {
			isa = XCBuildConfiguration;
			buildSettings = {
				ALWAYS_SEARCH_USER_PATHS = NO;
				ASSETCATALOG_COMPILER_GENERATE_SWIFT_ASSET_SYMBOL_EXTENSIONS = YES;
				CLANG_ANALYZER_NONNULL = YES;
				CLANG_ANALYZER_NUMBER_OBJECT_CONVERSION = YES_AGGRESSIVE;
				CLANG_CXX_LANGUAGE_STANDARD = "gnu++20";
				CLANG_ENABLE_MODULES = YES;
				CLANG_ENABLE_OBJC_ARC = YES;
				CLANG_ENABLE_OBJC_WEAK = YES;
				CLANG_WARN_BLOCK_CAPTURE_AUTORELEASING = YES;
				CLANG_WARN_BOOL_CONVERSION = YES;
				CLANG_WARN_COMMA = YES;
				CLANG_WARN_CONSTANT_CONVERSION = YES;
				CLANG_WARN_DEPRECATED_OBJC_IMPLEMENTATIONS = YES;
				CLANG_WARN_DIRECT_OBJC_ISA_USAGE = YES_ERROR;
				CLANG_WARN_DOCUMENTATION_COMMENTS = YES;
				CLANG_WARN_EMPTY_BODY = YES;
				CLANG_WARN_ENUM_CONVERSION = YES;
				CLANG_WARN_INFINITE_RECURSION = YES;
				CLANG_WARN_INT_CONVERSION = YES;
				CLANG_WARN_NON_LITERAL_NULL_CONVERSION = YES;
				CLANG_WARN_OBJC_IMPLICIT_RETAIN_SELF = YES;
				CLANG_WARN_OBJC_LITERAL_CONVERSION = YES;
				CLANG_WARN_OBJC_ROOT_CLASS = YES_ERROR;
				CLANG_WARN_QUOTED_INCLUDE_IN_FRAMEWORK_HEADER = YES;
				CLANG_WARN_RANGE_LOOP_ANALYSIS = YES;
				CLANG_WARN_STRICT_PROTOTYPES = YES;
				CLANG_WARN_SUSPICIOUS_MOVE = YES;
				CLANG_WARN_UNGUARDED_AVAILABILITY = YES_AGGRESSIVE;
				CLANG_WARN_UNREACHABLE_CODE = YES;
				CLANG_WARN__DUPLICATE_METHOD_MATCH = YES;
				COPY_PHASE_STRIP = NO;
				DEBUG_INFORMATION_FORMAT = "dwarf-with-dsym";
				ENABLE_NS_ASSERTIONS = NO;
				ENABLE_STRICT_OBJC_MSGSEND = YES;
				ENABLE_USER_SCRIPT_SANDBOXING = YES;
				GCC_C_LANGUAGE_STANDARD = gnu17;
				GCC_NO_COMMON_BLOCKS = YES;
				GCC_WARN_64_TO_32_BIT_CONVERSION = YES;
				GCC_WARN_ABOUT_RETURN_TYPE = YES_ERROR;
				GCC_WARN_UNDECLARED_SELECTOR = YES;
				GCC_WARN_UNINITIALIZED_AUTOS = YES_AGGRESSIVE;
				GCC_WARN_UNUSED_FUNCTION = YES;
				GCC_WARN_UNUSED_VARIABLE = YES;
				IPHONEOS_DEPLOYMENT_TARGET = 18.2;
				LOCALIZATION_PREFERS_STRING_CATALOGS = YES;
				MTL_ENABLE_DEBUG_INFO = NO;
				MTL_FAST_MATH = YES;
				SDKROOT = iphoneos;
				SWIFT_COMPILATION_MODE = wholemodule;
				VALIDATE_PRODUCT = YES;
			};
			name = Release;
		};
		F749A78C2D134DBB0016D17C /* Debug */ = {
			isa = XCBuildConfiguration;
			buildSettings = {
				ASSETCATALOG_COMPILER_APPICON_NAME = AppIcon;
				ASSETCATALOG_COMPILER_GLOBAL_ACCENT_COLOR_NAME = AccentColor;
				CODE_SIGN_STYLE = Automatic;
				CURRENT_PROJECT_VERSION = 1;
				DEVELOPMENT_ASSET_PATHS = "\"OBJScan/Preview Content\"";
				DEVELOPMENT_TEAM = Q2KM9Z8FQ4;
				ENABLE_PREVIEWS = YES;
				GENERATE_INFOPLIST_FILE = YES;
				INFOPLIST_FILE = OBJScan/Info.plist;
				INFOPLIST_KEY_UIApplicationSceneManifest_Generation = YES;
				INFOPLIST_KEY_UIApplicationSupportsIndirectInputEvents = YES;
				INFOPLIST_KEY_UILaunchScreen_Generation = YES;
				INFOPLIST_KEY_UISupportedInterfaceOrientations_iPad = "UIInterfaceOrientationPortrait UIInterfaceOrientationPortraitUpsideDown UIInterfaceOrientationLandscapeLeft UIInterfaceOrientationLandscapeRight";
				INFOPLIST_KEY_UISupportedInterfaceOrientations_iPhone = "UIInterfaceOrientationPortrait UIInterfaceOrientationLandscapeLeft UIInterfaceOrientationLandscapeRight";
				IPHONEOS_DEPLOYMENT_TARGET = 18.1;
				LD_RUNPATH_SEARCH_PATHS = (
					"$(inherited)",
					"@executable_path/Frameworks",
				);
				MARKETING_VERSION = 1.0;
				PRODUCT_BUNDLE_IDENTIFIER = ekpraveen.OBJScan;
				PRODUCT_NAME = "$(TARGET_NAME)";
				SWIFT_EMIT_LOC_STRINGS = YES;
				SWIFT_VERSION = 5.0;
				TARGETED_DEVICE_FAMILY = "1,2";
			};
			name = Debug;
		};
		F749A78D2D134DBB0016D17C /* Release */ = {
			isa = XCBuildConfiguration;
			buildSettings = {
				ASSETCATALOG_COMPILER_APPICON_NAME = AppIcon;
				ASSETCATALOG_COMPILER_GLOBAL_ACCENT_COLOR_NAME = AccentColor;
				CODE_SIGN_STYLE = Automatic;
				CURRENT_PROJECT_VERSION = 1;
				DEVELOPMENT_ASSET_PATHS = "\"OBJScan/Preview Content\"";
				DEVELOPMENT_TEAM = Q2KM9Z8FQ4;
				ENABLE_PREVIEWS = YES;
				GENERATE_INFOPLIST_FILE = YES;
				INFOPLIST_FILE = OBJScan/Info.plist;
				INFOPLIST_KEY_UIApplicationSceneManifest_Generation = YES;
				INFOPLIST_KEY_UIApplicationSupportsIndirectInputEvents = YES;
				INFOPLIST_KEY_UILaunchScreen_Generation = YES;
				INFOPLIST_KEY_UISupportedInterfaceOrientations_iPad = "UIInterfaceOrientationPortrait UIInterfaceOrientationPortraitUpsideDown UIInterfaceOrientationLandscapeLeft UIInterfaceOrientationLandscapeRight";
				INFOPLIST_KEY_UISupportedInterfaceOrientations_iPhone = "UIInterfaceOrientationPortrait UIInterfaceOrientationLandscapeLeft UIInterfaceOrientationLandscapeRight";
				IPHONEOS_DEPLOYMENT_TARGET = 18.1;
				LD_RUNPATH_SEARCH_PATHS = (
					"$(inherited)",
					"@executable_path/Frameworks",
				);
				MARKETING_VERSION = 1.0;
				PRODUCT_BUNDLE_IDENTIFIER = ekpraveen.OBJScan;
				PRODUCT_NAME = "$(TARGET_NAME)";
				SWIFT_EMIT_LOC_STRINGS = YES;
				SWIFT_VERSION = 5.0;
				TARGETED_DEVICE_FAMILY = "1,2";
			};
			name = Release;
		};
		F749A78F2D134DBB0016D17C /* Debug */ = {
			isa = XCBuildConfiguration;
			buildSettings = {
				BUNDLE_LOADER = "$(TEST_HOST)";
				CODE_SIGN_STYLE = Automatic;
				CURRENT_PROJECT_VERSION = 1;
				DEVELOPMENT_TEAM = Q2KM9Z8FQ4;
				GENERATE_INFOPLIST_FILE = YES;
				IPHONEOS_DEPLOYMENT_TARGET = 18.2;
				MARKETING_VERSION = 1.0;
				PRODUCT_BUNDLE_IDENTIFIER = ekpraveen.OBJScanTests;
				PRODUCT_NAME = "$(TARGET_NAME)";
				SWIFT_EMIT_LOC_STRINGS = NO;
				SWIFT_VERSION = 5.0;
				TARGETED_DEVICE_FAMILY = "1,2";
				TEST_HOST = "$(BUILT_PRODUCTS_DIR)/OBJScan.app/$(BUNDLE_EXECUTABLE_FOLDER_PATH)/OBJScan";
			};
			name = Debug;
		};
		F749A7902D134DBB0016D17C /* Release */ = {
			isa = XCBuildConfiguration;
			buildSettings = {
				BUNDLE_LOADER = "$(TEST_HOST)";
				CODE_SIGN_STYLE = Automatic;
				CURRENT_PROJECT_VERSION = 1;
				DEVELOPMENT_TEAM = Q2KM9Z8FQ4;
				GENERATE_INFOPLIST_FILE = YES;
				IPHONEOS_DEPLOYMENT_TARGET = 18.2;
				MARKETING_VERSION = 1.0;
				PRODUCT_BUNDLE_IDENTIFIER = ekpraveen.OBJScanTests;
				PRODUCT_NAME = "$(TARGET_NAME)";
				SWIFT_EMIT_LOC_STRINGS = NO;
				SWIFT_VERSION = 5.0;
				TARGETED_DEVICE_FAMILY = "1,2";
				TEST_HOST = "$(BUILT_PRODUCTS_DIR)/OBJScan.app/$(BUNDLE_EXECUTABLE_FOLDER_PATH)/OBJScan";
			};
			name = Release;
		};
		F749A7922D134DBB0016D17C /* Debug */ = {
			isa = XCBuildConfiguration;
			buildSettings = {
				CODE_SIGN_STYLE = Automatic;
				CURRENT_PROJECT_VERSION = 1;
				DEVELOPMENT_TEAM = Q2KM9Z8FQ4;
				GENERATE_INFOPLIST_FILE = YES;
				MARKETING_VERSION = 1.0;
				PRODUCT_BUNDLE_IDENTIFIER = ekpraveen.OBJScanUITests;
				PRODUCT_NAME = "$(TARGET_NAME)";
				SWIFT_EMIT_LOC_STRINGS = NO;
				SWIFT_VERSION = 5.0;
				TARGETED_DEVICE_FAMILY = "1,2";
				TEST_TARGET_NAME = OBJScan;
			};
			name = Debug;
		};
		F749A7932D134DBB0016D17C /* Release */ = {
			isa = XCBuildConfiguration;
			buildSettings = {
				CODE_SIGN_STYLE = Automatic;
				CURRENT_PROJECT_VERSION = 1;
				DEVELOPMENT_TEAM = Q2KM9Z8FQ4;
				GENERATE_INFOPLIST_FILE = YES;
				MARKETING_VERSION = 1.0;
				PRODUCT_BUNDLE_IDENTIFIER = ekpraveen.OBJScanUITests;
				PRODUCT_NAME = "$(TARGET_NAME)";
				SWIFT_EMIT_LOC_STRINGS = NO;
				SWIFT_VERSION = 5.0;
				TARGETED_DEVICE_FAMILY = "1,2";
				TEST_TARGET_NAME = OBJScan;
			};
			name = Release;
		};
/* End XCBuildConfiguration section */

/* Begin XCConfigurationList section */
		F749A7622D134DB90016D17C /* Build configuration list for PBXProject "OBJScan" */ = {
			isa = XCConfigurationList;
			buildConfigurations = (
				F749A7892D134DBB0016D17C /* Debug */,
				F749A78A2D134DBB0016D17C /* Release */,
			);
			defaultConfigurationIsVisible = 0;
			defaultConfigurationName = Release;
		};
		F749A78B2D134DBB0016D17C /* Build configuration list for PBXNativeTarget "OBJScan" */ = {
			isa = XCConfigurationList;
			buildConfigurations = (
				F749A78C2D134DBB0016D17C /* Debug */,
				F749A78D2D134DBB0016D17C /* Release */,
			);
			defaultConfigurationIsVisible = 0;
			defaultConfigurationName = Release;
		};
		F749A78E2D134DBB0016D17C /* Build configuration list for PBXNativeTarget "OBJScanTests" */ = {
			isa = XCConfigurationList;
			buildConfigurations = (
				F749A78F2D134DBB0016D17C /* Debug */,
				F749A7902D134DBB0016D17C /* Release */,
			);
			defaultConfigurationIsVisible = 0;
			defaultConfigurationName = Release;
		};
		F749A7912D134DBB0016D17C /* Build configuration list for PBXNativeTarget "OBJScanUITests" */ = {
			isa = XCConfigurationList;
			buildConfigurations = (
				F749A7922D134DBB0016D17C /* Debug */,
				F749A7932D134DBB0016D17C /* Release */,
			);
			defaultConfigurationIsVisible = 0;
			defaultConfigurationName = Release;
		};
/* End XCConfigurationList section */
	};
	rootObject = F749A75F2D134DB90016D17C /* Project object */;
}
